
Microsoft Visual Studio Solution File, Format Version 12.00
# Visual Studio Version 17
VisualStudioVersion = 17.5.002.0
MinimumVisualStudioVersion = 10.0.40219.1
Project("{9A19103F-16F7-4668-BE54-9A1E7A4F7556}") = "749", "749.csproj", "{212AC528-7230-4805-A93E-03131F4B7B15}"
EndProject
Global
	GlobalSection(SolutionConfigurationPlatforms) = preSolution
		Debug|Any CPU = Debug|Any CPU
		Release|Any CPU = Release|Any CPU
	EndGlobalSection
	GlobalSection(ProjectConfigurationPlatforms) = postSolution
		{212AC528-7230-4805-A93E-03131F4B7B15}.Debug|Any CPU.ActiveCfg = Debug|Any CPU
		{212AC528-7230-4805-A93E-03131F4B7B15}.Debug|Any CPU.Build.0 = Debug|Any CPU
		{212AC528-7230-4805-A93E-03131F4B7B15}.Release|Any CPU.ActiveCfg = Release|Any CPU
		{212AC528-7230-4805-A93E-03131F4B7B15}.Release|Any CPU.Build.0 = Release|Any CPU
	EndGlobalSection
	GlobalSection(SolutionProperties) = preSolution
		HideSolutionNode = FALSE
	EndGlobalSection
	GlobalSection(ExtensibilityGlobals) = postSolution
		SolutionGuid = {48442321-1109-4C7A-8308-7A952A93BFBC}
	EndGlobalSection
EndGlobal
